// !$*UTF8*$!
{
	archiveVersion = 1;
	classes = {
	};
	objectVersion = 50;
	objects = {

/* Begin PBXBuildFile section */
		3095410024B0EE6100D032A2 /* AppDelegate.swift in Sources */ = {isa = PBXBuildFile; fileRef = 309540FF24B0EE6100D032A2 /* AppDelegate.swift */; };
		3095410224B0EE6100D032A2 /* SceneDelegate.swift in Sources */ = {isa = PBXBuildFile; fileRef = 3095410124B0EE6100D032A2 /* SceneDelegate.swift */; };
		3095410424B0EE6100D032A2 /* ViewController.swift in Sources */ = {isa = PBXBuildFile; fileRef = 3095410324B0EE6100D032A2 /* ViewController.swift */; };
		3095410724B0EE6100D032A2 /* Main.storyboard in Resources */ = {isa = PBXBuildFile; fileRef = 3095410524B0EE6100D032A2 /* Main.storyboard */; };
		3095410924B0EE6400D032A2 /* Assets.xcassets in Resources */ = {isa = PBXBuildFile; fileRef = 3095410824B0EE6400D032A2 /* Assets.xcassets */; };
		3095410C24B0EE6400D032A2 /* LaunchScreen.storyboard in Resources */ = {isa = PBXBuildFile; fileRef = 3095410A24B0EE6400D032A2 /* LaunchScreen.storyboard */; };
		A3AFA032348ED049FC97126A /* Pods_Menu_SideBar_Ios_Academy.framework in Frameworks */ = {isa = PBXBuildFile; fileRef = DB40B0E967D13B15CD6E6502 /* Pods_Menu_SideBar_Ios_Academy.framework */; };
/* End PBXBuildFile section */

/* Begin PBXFileReference section */
		309540FC24B0EE6000D032A2 /* Menu_SideBar_Ios_Academy.app */ = {isa = PBXFileReference; explicitFileType = wrapper.application; includeInIndex = 0; path = Menu_SideBar_Ios_Academy.app; sourceTree = BUILT_PRODUCTS_DIR; };
		309540FF24B0EE6100D032A2 /* AppDelegate.swift */ = {isa = PBXFileReference; lastKnownFileType = sourcecode.swift; path = AppDelegate.swift; sourceTree = "<group>"; };
		3095410124B0EE6100D032A2 /* SceneDelegate.swift */ = {isa = PBXFileReference; lastKnownFileType = sourcecode.swift; path = SceneDelegate.swift; sourceTree = "<group>"; };
		3095410324B0EE6100D032A2 /* ViewController.swift */ = {isa = PBXFileReference; lastKnownFileType = sourcecode.swift; path = ViewController.swift; sourceTree = "<group>"; };
		3095410624B0EE6100D032A2 /* Base */ = {isa = PBXFileReference; lastKnownFileType = file.storyboard; name = Base; path = Base.lproj/Main.storyboard; sourceTree = "<group>"; };
		3095410824B0EE6400D032A2 /* Assets.xcassets */ = {isa = PBXFileReference; lastKnownFileType = folder.assetcatalog; path = Assets.xcassets; sourceTree = "<group>"; };
		3095410B24B0EE6400D032A2 /* Base */ = {isa = PBXFileReference; lastKnownFileType = file.storyboard; name = Base; path = Base.lproj/LaunchScreen.storyboard; sourceTree = "<group>"; };
		3095410D24B0EE6400D032A2 /* Info.plist */ = {isa = PBXFileReference; lastKnownFileType = text.plist.xml; path = Info.plist; sourceTree = "<group>"; };
		C19EDB7E8D7C511B519AA367 /* Pods-Menu_SideBar_Ios_Academy.release.xcconfig */ = {isa = PBXFileReference; includeInIndex = 1; lastKnownFileType = text.xcconfig; name = "Pods-Menu_SideBar_Ios_Academy.release.xcconfig"; path = "Target Support Files/Pods-Menu_SideBar_Ios_Academy/Pods-Menu_SideBar_Ios_Academy.release.xcconfig"; sourceTree = "<group>"; };
		DB40B0E967D13B15CD6E6502 /* Pods_Menu_SideBar_Ios_Academy.framework */ = {isa = PBXFileReference; explicitFileType = wrapper.framework; includeInIndex = 0; path = Pods_Menu_SideBar_Ios_Academy.framework; sourceTree = BUILT_PRODUCTS_DIR; };
		FB460D0E0E53E5B6555894CD /* Pods-Menu_SideBar_Ios_Academy.debug.xcconfig */ = {isa = PBXFileReference; includeInIndex = 1; lastKnownFileType = text.xcconfig; name = "Pods-Menu_SideBar_Ios_Academy.debug.xcconfig"; path = "Target Support Files/Pods-Menu_SideBar_Ios_Academy/Pods-Menu_SideBar_Ios_Academy.debug.xcconfig"; sourceTree = "<group>"; };
/* End PBXFileReference section */

/* Begin PBXFrameworksBuildPhase section */
		309540F924B0EE6000D032A2 /* Frameworks */ = {
			isa = PBXFrameworksBuildPhase;
			buildActionMask = 2147483647;
			files = (
				A3AFA032348ED049FC97126A /* Pods_Menu_SideBar_Ios_Academy.framework in Frameworks */,
			);
			runOnlyForDeploymentPostprocessing = 0;
		};
/* End PBXFrameworksBuildPhase section */

/* Begin PBXGroup section */
		309540F324B0EE6000D032A2 = {
			isa = PBXGroup;
			children = (
				309540FE24B0EE6000D032A2 /* Menu_SideBar_Ios_Academy */,
				309540FD24B0EE6000D032A2 /* Products */,
				730E1ECB14F5B76371BA5B7D /* Pods */,
				A032A642249B5DF86CED80FC /* Frameworks */,
			);
			sourceTree = "<group>";
		};
		309540FD24B0EE6000D032A2 /* Products */ = {
			isa = PBXGroup;
			children = (
				309540FC24B0EE6000D032A2 /* Menu_SideBar_Ios_Academy.app */,
			);
			name = Products;
			sourceTree = "<group>";
		};
		309540FE24B0EE6000D032A2 /* Menu_SideBar_Ios_Academy */ = {
			isa = PBXGroup;
			children = (
				309540FF24B0EE6100D032A2 /* AppDelegate.swift */,
				3095410124B0EE6100D032A2 /* SceneDelegate.swift */,
				3095410324B0EE6100D032A2 /* ViewController.swift */,
				3095410524B0EE6100D032A2 /* Main.storyboard */,
				3095410824B0EE6400D032A2 /* Assets.xcassets */,
				3095410A24B0EE6400D032A2 /* LaunchScreen.storyboard */,
				3095410D24B0EE6400D032A2 /* Info.plist */,
			);
			path = Menu_SideBar_Ios_Academy;
			sourceTree = "<group>";
		};
		730E1ECB14F5B76371BA5B7D /* Pods */ = {
			isa = PBXGroup;
			children = (
				FB460D0E0E53E5B6555894CD /* Pods-Menu_SideBar_Ios_Academy.debug.xcconfig */,
				C19EDB7E8D7C511B519AA367 /* Pods-Menu_SideBar_Ios_Academy.release.xcconfig */,
			);
			name = Pods;
			path = Pods;
			sourceTree = "<group>";
		};
		A032A642249B5DF86CED80FC /* Frameworks */ = {
			isa = PBXGroup;
			children = (
				DB40B0E967D13B15CD6E6502 /* Pods_Menu_SideBar_Ios_Academy.framework */,
			);
			name = Frameworks;
			sourceTree = "<group>";
		};
/* End PBXGroup section */

/* Begin PBXNativeTarget section */
		309540FB24B0EE6000D032A2 /* Menu_SideBar_Ios_Academy */ = {
			isa = PBXNativeTarget;
			buildConfigurationList = 3095411024B0EE6400D032A2 /* Build configuration list for PBXNativeTarget "Menu_SideBar_Ios_Academy" */;
			buildPhases = (
				9B7EBCFCAA9B246EA431A995 /* [CP] Check Pods Manifest.lock */,
				309540F824B0EE6000D032A2 /* Sources */,
				309540F924B0EE6000D032A2 /* Frameworks */,
				309540FA24B0EE6000D032A2 /* Resources */,
				0480E149805468F729FEDD28 /* [CP] Embed Pods Frameworks */,
			);
			buildRules = (
			);
			dependencies = (
			);
			name = Menu_SideBar_Ios_Academy;
			productName = Menu_SideBar_Ios_Academy;
			productReference = 309540FC24B0EE6000D032A2 /* Menu_SideBar_Ios_Academy.app */;
			productType = "com.apple.product-type.application";
		};
/* End PBXNativeTarget section */

/* Begin PBXProject section */
		309540F424B0EE6000D032A2 /* Project object */ = {
			isa = PBXProject;
			attributes = {
				LastSwiftUpdateCheck = 1130;
				LastUpgradeCheck = 1130;
				ORGANIZATIONNAME = t;
				TargetAttributes = {
					309540FB24B0EE6000D032A2 = {
						CreatedOnToolsVersion = 11.3.1;
					};
				};
			};
			buildConfigurationList = 309540F724B0EE6000D032A2 /* Build configuration list for PBXProject "Menu_SideBar_Ios_Academy" */;
			compatibilityVersion = "Xcode 9.3";
			developmentRegion = en;
			hasScannedForEncodings = 0;
			knownRegions = (
				en,
				Base,
			);
			mainGroup = 309540F324B0EE6000D032A2;
			productRefGroup = 309540FD24B0EE6000D032A2 /* Products */;
			projectDirPath = "";
			projectRoot = "";
			targets = (
				309540FB24B0EE6000D032A2 /* Menu_SideBar_Ios_Academy */,
			);
		};
/* End PBXProject section */

/* Begin PBXResourcesBuildPhase section */
		309540FA24B0EE6000D032A2 /* Resources */ = {
			isa = PBXResourcesBuildPhase;
			buildActionMask = 2147483647;
			files = (
				3095410C24B0EE6400D032A2 /* LaunchScreen.storyboard in Resources */,
				3095410924B0EE6400D032A2 /* Assets.xcassets in Resources */,
				3095410724B0EE6100D032A2 /* Main.storyboard in Resources */,
			);
			runOnlyForDeploymentPostprocessing = 0;
		};
/* End PBXResourcesBuildPhase section */

/* Begin PBXShellScriptBuildPhase section */
		0480E149805468F729FEDD28 /* [CP] Embed Pods Frameworks */ = {
			isa = PBXShellScriptBuildPhase;
			buildActionMask = 2147483647;
			files = (
			);
			inputFileListPaths = (
				"${PODS_ROOT}/Target Support Files/Pods-Menu_SideBar_Ios_Academy/Pods-Menu_SideBar_Ios_Academy-frameworks-${CONFIGURATION}-input-files.xcfilelist",
			);
			name = "[CP] Embed Pods Frameworks";
			outputFileListPaths = (
				"${PODS_ROOT}/Target Support Files/Pods-Menu_SideBar_Ios_Academy/Pods-Menu_SideBar_Ios_Academy-frameworks-${CONFIGURATION}-output-files.xcfilelist",
			);
			runOnlyForDeploymentPostprocessing = 0;
			shellPath = /bin/sh;
			shellScript = "\"${PODS_ROOT}/Target Support Files/Pods-Menu_SideBar_Ios_Academy/Pods-Menu_SideBar_Ios_Academy-frameworks.sh\"\n";
			showEnvVarsInLog = 0;
		};
		9B7EBCFCAA9B246EA431A995 /* [CP] Check Pods Manifest.lock */ = {
			isa = PBXShellScriptBuildPhase;
			buildActionMask = 2147483647;
			files = (
			);
			inputFileListPaths = (
			);
			inputPaths = (
				"${PODS_PODFILE_DIR_PATH}/Podfile.lock",
				"${PODS_ROOT}/Manifest.lock",
			);
			name = "[CP] Check Pods Manifest.lock";
			outputFileListPaths = (
			);
			outputPaths = (
				"$(DERIVED_FILE_DIR)/Pods-Menu_SideBar_Ios_Academy-checkManifestLockResult.txt",
			);
			runOnlyForDeploymentPostprocessing = 0;
			shellPath = /bin/sh;
			shellScript = "diff \"${PODS_PODFILE_DIR_PATH}/Podfile.lock\" \"${PODS_ROOT}/Manifest.lock\" > /dev/null\nif [ $? != 0 ] ; then\n    # print error to STDERR\n    echo \"error: The sandbox is not in sync with the Podfile.lock. Run 'pod install' or update your CocoaPods installation.\" >&2\n    exit 1\nfi\n# This output is used by Xcode 'outputs' to avoid re-running this script phase.\necho \"SUCCESS\" > \"${SCRIPT_OUTPUT_FILE_0}\"\n";
			showEnvVarsInLog = 0;
		};
/* End PBXShellScriptBuildPhase section */

/* Begin PBXSourcesBuildPhase section */
		309540F824B0EE6000D032A2 /* Sources */ = {
			isa = PBXSourcesBuildPhase;
			buildActionMask = 2147483647;
			files = (
				3095410424B0EE6100D032A2 /* ViewController.swift in Sources */,
				3095410024B0EE6100D032A2 /* AppDelegate.swift in Sources */,
				3095410224B0EE6100D032A2 /* SceneDelegate.swift in Sources */,
			);
			runOnlyForDeploymentPostprocessing = 0;
		};
/* End PBXSourcesBuildPhase section */

/* Begin PBXVariantGroup section */
		3095410524B0EE6100D032A2 /* Main.storyboard */ = {
			isa = PBXVariantGroup;
			children = (
				3095410624B0EE6100D032A2 /* Base */,
			);
			name = Main.storyboard;
			sourceTree = "<group>";
		};
		3095410A24B0EE6400D032A2 /* LaunchScreen.storyboard */ = {
			isa = PBXVariantGroup;
			children = (
				3095410B24B0EE6400D032A2 /* Base */,
			);
			name = LaunchScreen.storyboard;
			sourceTree = "<group>";
		};
/* End PBXVariantGroup section */

/* Begin XCBuildConfiguration section */
		3095410E24B0EE6400D032A2 /* Debug */ = {
			isa = XCBuildConfiguration;
			buildSettings = {
				ALWAYS_SEARCH_USER_PATHS = NO;
				CLANG_ANALYZER_NONNULL = YES;
				CLANG_ANALYZER_NUMBER_OBJECT_CONVERSION = YES_AGGRESSIVE;
				CLANG_CXX_LANGUAGE_STANDARD = "gnu++14";
				CLANG_CXX_LIBRARY = "libc++";
				CLANG_ENABLE_MODULES = YES;
				CLANG_ENABLE_OBJC_ARC = YES;
				CLANG_ENABLE_OBJC_WEAK = YES;
				CLANG_WARN_BLOCK_CAPTURE_AUTORELEASING = YES;
				CLANG_WARN_BOOL_CONVERSION = YES;
				CLANG_WARN_COMMA = YES;
				CLANG_WARN_CONSTANT_CONVERSION = YES;
				CLANG_WARN_DEPRECATED_OBJC_IMPLEMENTATIONS = YES;
				CLANG_WARN_DIRECT_OBJC_ISA_USAGE = YES_ERROR;
				CLANG_WARN_DOCUMENTATION_COMMENTS = YES;
				CLANG_WARN_EMPTY_BODY = YES;
				CLANG_WARN_ENUM_CONVERSION = YES;
				CLANG_WARN_INFINITE_RECURSION = YES;
				CLANG_WARN_INT_CONVERSION = YES;
				CLANG_WARN_NON_LITERAL_NULL_CONVERSION = YES;
				CLANG_WARN_OBJC_IMPLICIT_RETAIN_SELF = YES;
				CLANG_WARN_OBJC_LITERAL_CONVERSION = YES;
				CLANG_WARN_OBJC_ROOT_CLASS = YES_ERROR;
				CLANG_WARN_RANGE_LOOP_ANALYSIS = YES;
				CLANG_WARN_STRICT_PROTOTYPES = YES;
				CLANG_WARN_SUSPICIOUS_MOVE = YES;
				CLANG_WARN_UNGUARDED_AVAILABILITY = YES_AGGRESSIVE;
				CLANG_WARN_UNREACHABLE_CODE = YES;
				CLANG_WARN__DUPLICATE_METHOD_MATCH = YES;
				COPY_PHASE_STRIP = NO;
				DEBUG_INFORMATION_FORMAT = dwarf;
				ENABLE_STRICT_OBJC_MSGSEND = YES;
				ENABLE_TESTABILITY = YES;
				GCC_C_LANGUAGE_STANDARD = gnu11;
				GCC_DYNAMIC_NO_PIC = NO;
				GCC_NO_COMMON_BLOCKS = YES;
				GCC_OPTIMIZATION_LEVEL = 0;
				GCC_PREPROCESSOR_DEFINITIONS = (
					"DEBUG=1",
					"$(inherited)",
				);
				GCC_WARN_64_TO_32_BIT_CONVERSION = YES;
				GCC_WARN_ABOUT_RETURN_TYPE = YES_ERROR;
				GCC_WARN_UNDECLARED_SELECTOR = YES;
				GCC_WARN_UNINITIALIZED_AUTOS = YES_AGGRESSIVE;
				GCC_WARN_UNUSED_FUNCTION = YES;
				GCC_WARN_UNUSED_VARIABLE = YES;
				IPHONEOS_DEPLOYMENT_TARGET = 13.2;
				MTL_ENABLE_DEBUG_INFO = INCLUDE_SOURCE;
				MTL_FAST_MATH = YES;
				ONLY_ACTIVE_ARCH = YES;
				SDKROOT = iphoneos;
				SWIFT_ACTIVE_COMPILATION_CONDITIONS = DEBUG;
				SWIFT_OPTIMIZATION_LEVEL = "-Onone";
			};
			name = Debug;
		};
		3095410F24B0EE6400D032A2 /* Release */ = {
			isa = XCBuildConfiguration;
			buildSettings = {
				ALWAYS_SEARCH_USER_PATHS = NO;
				CLANG_ANALYZER_NONNULL = YES;
				CLANG_ANALYZER_NUMBER_OBJECT_CONVERSION = YES_AGGRESSIVE;
				CLANG_CXX_LANGUAGE_STANDARD = "gnu++14";
				CLANG_CXX_LIBRARY = "libc++";
				CLANG_ENABLE_MODULES = YES;
				CLANG_ENABLE_OBJC_ARC = YES;
				CLANG_ENABLE_OBJC_WEAK = YES;
				CLANG_WARN_BLOCK_CAPTURE_AUTORELEASING = YES;
				CLANG_WARN_BOOL_CONVERSION = YES;
				CLANG_WARN_COMMA = YES;
				CLANG_WARN_CONSTANT_CONVERSION = YES;
				CLANG_WARN_DEPRECATED_OBJC_IMPLEMENTATIONS = YES;
				CLANG_WARN_DIRECT_OBJC_ISA_USAGE = YES_ERROR;
				CLANG_WARN_DOCUMENTATION_COMMENTS = YES;
				CLANG_WARN_EMPTY_BODY = YES;
				CLANG_WARN_ENUM_CONVERSION = YES;
				CLANG_WARN_INFINITE_RECURSION = YES;
				CLANG_WARN_INT_CONVERSION = YES;
				CLANG_WARN_NON_LITERAL_NULL_CONVERSION = YES;
				CLANG_WARN_OBJC_IMPLICIT_RETAIN_SELF = YES;
				CLANG_WARN_OBJC_LITERAL_CONVERSION = YES;
				CLANG_WARN_OBJC_ROOT_CLASS = YES_ERROR;
				CLANG_WARN_RANGE_LOOP_ANALYSIS = YES;
				CLANG_WARN_STRICT_PROTOTYPES = YES;
				CLANG_WARN_SUSPICIOUS_MOVE = YES;
				CLANG_WARN_UNGUARDED_AVAILABILITY = YES_AGGRESSIVE;
				CLANG_WARN_UNREACHABLE_CODE = YES;
				CLANG_WARN__DUPLICATE_METHOD_MATCH = YES;
				COPY_PHASE_STRIP = NO;
				DEBUG_INFORMATION_FORMAT = "dwarf-with-dsym";
				ENABLE_NS_ASSERTIONS = NO;
				ENABLE_STRICT_OBJC_MSGSEND = YES;
				GCC_C_LANGUAGE_STANDARD = gnu11;
				GCC_NO_COMMON_BLOCKS = YES;
				GCC_WARN_64_TO_32_BIT_CONVERSION = YES;
				GCC_WARN_ABOUT_RETURN_TYPE = YES_ERROR;
				GCC_WARN_UNDECLARED_SELECTOR = YES;
				GCC_WARN_UNINITIALIZED_AUTOS = YES_AGGRESSIVE;
				GCC_WARN_UNUSED_FUNCTION = YES;
				GCC_WARN_UNUSED_VARIABLE = YES;
				IPHONEOS_DEPLOYMENT_TARGET = 13.2;
				MTL_ENABLE_DEBUG_INFO = NO;
				MTL_FAST_MATH = YES;
				SDKROOT = iphoneos;
				SWIFT_COMPILATION_MODE = wholemodule;
				SWIFT_OPTIMIZATION_LEVEL = "-O";
				VALIDATE_PRODUCT = YES;
			};
			name = Release;
		};
		3095411124B0EE6400D032A2 /* Debug */ = {
			isa = XCBuildConfiguration;
			baseConfigurationReference = FB460D0E0E53E5B6555894CD /* Pods-Menu_SideBar_Ios_Academy.debug.xcconfig */;
			buildSettings = {
				ASSETCATALOG_COMPILER_APPICON_NAME = AppIcon;
				CODE_SIGN_STYLE = Automatic;
				INFOPLIST_FILE = Menu_SideBar_Ios_Academy/Info.plist;
				LD_RUNPATH_SEARCH_PATHS = (
					"$(inherited)",
					"@executable_path/Frameworks",
				);
				PRODUCT_BUNDLE_IDENTIFIER = "com.swapnil..Menu-SideBar-Ios-Academy";
				PRODUCT_NAME = "$(TARGET_NAME)";
				SWIFT_VERSION = 5.0;
				TARGETED_DEVICE_FAMILY = "1,2";
			};
			name = Debug;
		};
		3095411224B0EE6400D032A2 /* Release */ = {
			isa = XCBuildConfiguration;
			baseConfigurationReference = C19EDB7E8D7C511B519AA367 /* Pods-Menu_SideBar_Ios_Academy.release.xcconfig */;
			buildSettings = {
				ASSETCATALOG_COMPILER_APPICON_NAME = AppIcon;
				CODE_SIGN_STYLE = Automatic;
				INFOPLIST_FILE = Menu_SideBar_Ios_Academy/Info.plist;
				LD_RUNPATH_SEARCH_PATHS = (
					"$(inherited)",
					"@executable_path/Frameworks",
				);
				PRODUCT_BUNDLE_IDENTIFIER = "com.swapnil..Menu-SideBar-Ios-Academy";
				PRODUCT_NAME = "$(TARGET_NAME)";
				SWIFT_VERSION = 5.0;
				TARGETED_DEVICE_FAMILY = "1,2";
			};
			name = Release;
		};
/* End XCBuildConfiguration section */

/* Begin XCConfigurationList section */
		309540F724B0EE6000D032A2 /* Build configuration list for PBXProject "Menu_SideBar_Ios_Academy" */ = {
			isa = XCConfigurationList;
			buildConfigurations = (
				3095410E24B0EE6400D032A2 /* Debug */,
				3095410F24B0EE6400D032A2 /* Release */,
			);
			defaultConfigurationIsVisible = 0;
			defaultConfigurationName = Release;
		};
		3095411024B0EE6400D032A2 /* Build configuration list for PBXNativeTarget "Menu_SideBar_Ios_Academy" */ = {
			isa = XCConfigurationList;
			buildConfigurations = (
				3095411124B0EE6400D032A2 /* Debug */,
				3095411224B0EE6400D032A2 /* Release */,
			);
			defaultConfigurationIsVisible = 0;
			defaultConfigurationName = Release;
		};
/* End XCConfigurationList section */
	};
	rootObject = 309540F424B0EE6000D032A2 /* Project object */;
}
